
Microsoft Visual Studio Solution File, Format Version 12.00
# Visual Studio Version 16
VisualStudioVersion = 16.0.32002.261
MinimumVisualStudioVersion = 10.0.40219.1
Project("{FAE04EC0-301F-11D3-BF4B-00C04F79EFBC}") = "WpfAppDers1", "WpfAppDers1\WpfAppDers1.csproj", "{857AABA5-8CBC-4E69-AB54-434A76A4A6DB}"
EndProject
Global
	GlobalSection(SolutionConfigurationPlatforms) = preSolution
		Debug|Any CPU = Debug|Any CPU
		Release|Any CPU = Release|Any CPU
	EndGlobalSection
	GlobalSection(ProjectConfigurationPlatforms) = postSolution
		{857AABA5-8CBC-4E69-AB54-434A76A4A6DB}.Debug|Any CPU.ActiveCfg = Debug|Any CPU
		{857AABA5-8CBC-4E69-AB54-434A76A4A6DB}.Debug|Any CPU.Build.0 = Debug|Any CPU
		{857AABA5-8CBC-4E69-AB54-434A76A4A6DB}.Release|Any CPU.ActiveCfg = Release|Any CPU
		{857AABA5-8CBC-4E69-AB54-434A76A4A6DB}.Release|Any CPU.Build.0 = Release|Any CPU
	EndGlobalSection
	GlobalSection(SolutionProperties) = preSolution
		HideSolutionNode = FALSE
	EndGlobalSection
	GlobalSection(ExtensibilityGlobals) = postSolution
		SolutionGuid = {F2E3753B-97E6-4506-8AB7-A3CCC73850B8}
	EndGlobalSection
EndGlobal
